<?xml version="1.0" encoding="utf-8"?>
<Project ToolsVersion="4.0" xmlns="http://schemas.microsoft.com/developer/msbuild/2003">
  <ItemGroup>
    <ClInclude Include="Catalog.h" />
    <ClInclude Include="CatalogItem.h" />
    <ClInclude Include="CatalogIterator.h" />
    <ClInclude Include="pch.h" />
    <ClInclude Include="StringHelper.h" />
    <ClInclude Include="StringClass.h" />
    <ClInclude Include="GuidClass.h" />
    <ClInclude Include="list.hpp" />
    <ClInclude Include="slist.hpp" />
    <ClInclude Include="List.h" />
    <ClInclude Include="ListIterator.h" />
    <ClInclude Include="Dictionary.h" />
    <ClInclude Include="DictionaryIterator.h" />
    <ClInclude Include="DictionaryItem.h" />
  </ItemGroup>
  <ItemGroup>
    <ClCompile Include="AssemblyInfo.cpp" />
    <ClCompile Include="Catalog.cpp" />
    <ClCompile Include="CatalogItem.cpp" />
    <ClCompile Include="CatalogIterator.cpp" />
    <ClCompile Include="pch.cpp" />
    <ClCompile Include="StringHelper.cpp" />
    <ClCompile Include="List.cpp" />
    <ClCompile Include="ListIterator.cpp" />
    <ClCompile Include="Dictionary.cpp" />
    <ClCompile Include="DictionaryIterator.cpp" />
    <ClCompile Include="DictionaryItem.cpp" />
  </ItemGroup>
</Project>